
Microsoft Visual Studio Solution File, Format Version 12.00
# Visual Studio Version 16
VisualStudioVersion = 16.0.31019.35
MinimumVisualStudioVersion = 10.0.40219.1
Project("{FAE04EC0-301F-11D3-BF4B-00C04F79EFBC}") = "MSWordLatex", "MSWordLatex.csproj", "{03F0FB38-17D3-4658-8528-EDA58474700E}"
EndProject
Project("{FAE04EC0-301F-11D3-BF4B-00C04F79EFBC}") = "MSWordLatexNET5", "NET5\MSWordLatexNET5.csproj", "{65FDD5FB-1A48-4E7D-ABE6-A3C5DC79E10D}"
EndProject
Global
	GlobalSection(SolutionConfigurationPlatforms) = preSolution
		Debug|Any CPU = Debug|Any CPU
		Release|Any CPU = Release|Any CPU
	EndGlobalSection
	GlobalSection(ProjectConfigurationPlatforms) = postSolution
		{03F0FB38-17D3-4658-8528-EDA58474700E}.Debug|Any CPU.ActiveCfg = Debug|Any CPU
		{03F0FB38-17D3-4658-8528-EDA58474700E}.Debug|Any CPU.Build.0 = Debug|Any CPU
		{03F0FB38-17D3-4658-8528-EDA58474700E}.Release|Any CPU.ActiveCfg = Release|Any CPU
		{03F0FB38-17D3-4658-8528-EDA58474700E}.Release|Any CPU.Build.0 = Release|Any CPU
		{65FDD5FB-1A48-4E7D-ABE6-A3C5DC79E10D}.Debug|Any CPU.ActiveCfg = Debug|Any CPU
		{65FDD5FB-1A48-4E7D-ABE6-A3C5DC79E10D}.Debug|Any CPU.Build.0 = Debug|Any CPU
		{65FDD5FB-1A48-4E7D-ABE6-A3C5DC79E10D}.Release|Any CPU.ActiveCfg = Release|Any CPU
		{65FDD5FB-1A48-4E7D-ABE6-A3C5DC79E10D}.Release|Any CPU.Build.0 = Release|Any CPU
	EndGlobalSection
	GlobalSection(SolutionProperties) = preSolution
		HideSolutionNode = FALSE
	EndGlobalSection
	GlobalSection(ExtensibilityGlobals) = postSolution
		SolutionGuid = {C09A2E02-EF31-4A9C-97CB-F260019544F5}
	EndGlobalSection
EndGlobal
